
Microsoft Visual Studio Solution File, Format Version 12.00
# Visual Studio 15
VisualStudioVersion = 15.0.28010.2050
MinimumVisualStudioVersion = 10.0.40219.1
Project("{34036844-64E7-43A5-9151-4AD90E180989}") = "PhotoMalfunctionSolution", "PhotoMalfunctionSolution\PhotoMalfunctionSolution.iotedgeproj", "{3D150265-DD4F-45A6-9DE7-4D107242F104}"
EndProject
Project("{FAE04EC0-301F-11D3-BF4B-00C04F79EFBC}") = "PhotoMalfunctionDetection", "PhotoMalfunctionDetection\PhotoMalfunctionDetection.csproj", "{9406D6CA-AE27-4363-B9EB-01D99691735E}"
EndProject
Global
	GlobalSection(SolutionConfigurationPlatforms) = preSolution
		Debug|Any CPU = Debug|Any CPU
		Release|Any CPU = Release|Any CPU
	EndGlobalSection
	GlobalSection(ProjectConfigurationPlatforms) = postSolution
		{3D150265-DD4F-45A6-9DE7-4D107242F104}.Debug|Any CPU.ActiveCfg = Debug|Any CPU
		{3D150265-DD4F-45A6-9DE7-4D107242F104}.Debug|Any CPU.Build.0 = Debug|Any CPU
		{3D150265-DD4F-45A6-9DE7-4D107242F104}.Release|Any CPU.ActiveCfg = Release|Any CPU
		{3D150265-DD4F-45A6-9DE7-4D107242F104}.Release|Any CPU.Build.0 = Release|Any CPU
		{9406D6CA-AE27-4363-B9EB-01D99691735E}.Debug|Any CPU.ActiveCfg = Debug|Any CPU
		{9406D6CA-AE27-4363-B9EB-01D99691735E}.Debug|Any CPU.Build.0 = Debug|Any CPU
		{9406D6CA-AE27-4363-B9EB-01D99691735E}.Release|Any CPU.ActiveCfg = Release|Any CPU
		{9406D6CA-AE27-4363-B9EB-01D99691735E}.Release|Any CPU.Build.0 = Release|Any CPU
	EndGlobalSection
	GlobalSection(SolutionProperties) = preSolution
		HideSolutionNode = FALSE
	EndGlobalSection
	GlobalSection(ExtensibilityGlobals) = postSolution
		SolutionGuid = {C234C3EB-976F-4D45-86F6-A3CC5E968A2A}
	EndGlobalSection
EndGlobal
